
Microsoft Visual Studio Solution File, Format Version 12.00
# Visual Studio Version 16
VisualStudioVersion = 16.0.30907.101
MinimumVisualStudioVersion = 10.0.40219.1
Project("{9A19103F-16F7-4668-BE54-9A1E7A4F7556}") = "CS001捕捉發生於未攔截到例外狀況", "CS001捕捉發生於未攔截到例外狀況\CS001捕捉發生於未攔截到例外狀況.csproj", "{B2A97A89-2B88-4F2E-907A-0631BE3CF81B}"
EndProject
Project("{9A19103F-16F7-4668-BE54-9A1E7A4F7556}") = "CS002捕捉當錯誤工作未觀察到的例外狀況將觸發例外狀況", "CS002捕捉當錯誤工作未觀察到的例外狀況將觸發例外狀況\CS002捕捉當錯誤工作未觀察到的例外狀況將觸發例外狀況.csproj", "{4008F29C-A211-4616-8C62-5E9FD0DCD1FD}"
EndProject
Project("{FAE04EC0-301F-11D3-BF4B-00C04F79EFBC}") = "CS003使用非同步 APM方式執行委派方法範例", "CS003使用非同步 APM方式執行委派方法範例\CS003使用非同步 APM方式執行委派方法範例.csproj", "{7A846941-8D37-4ACF-879D-672E4C9FD5D7}"
EndProject
Project("{FAE04EC0-301F-11D3-BF4B-00C04F79EFBC}") = "CS004使用非同步 Callback 的方式來取得執行委派方法結果的範例", "CS004使用非同步 Callback 的方式來取得執行委派方法結果的範例\CS004使用非同步 Callback 的方式來取得執行委派方法結果的範例.csproj", "{3783D5F3-C3DF-4F81-82C3-81893BE20550}"
EndProject
Project("{FAE04EC0-301F-11D3-BF4B-00C04F79EFBC}") = "CS005使用同步方式執行委派方法範例", "CS005使用同步方式執行委派方法範例\CS005使用同步方式執行委派方法範例.csproj", "{46597D76-1B45-4155-ACFA-1988E6FC208F}"
EndProject
Project("{FAE04EC0-301F-11D3-BF4B-00C04F79EFBC}") = "CS006請嘗試依據這個需求，設計出使用委派的程式碼", "CS006請嘗試依據這個需求，設計出使用委派的程式碼\CS006請嘗試依據這個需求，設計出使用委派的程式碼.csproj", "{C7C2C152-0821-4CB9-A8A6-41237081202F}"
EndProject
Project("{FAE04EC0-301F-11D3-BF4B-00C04F79EFBC}") = "CS005使用同步方式執行委派方法範例 .NET Core", "CS005使用同步方式執行委派方法範例 .NET Core\CS005使用同步方式執行委派方法範例 .NET Core.csproj", "{FA6615B7-63A2-4079-96A5-721F4B67C547}"
EndProject
Global
	GlobalSection(SolutionConfigurationPlatforms) = preSolution
		Debug|Any CPU = Debug|Any CPU
		Release|Any CPU = Release|Any CPU
	EndGlobalSection
	GlobalSection(ProjectConfigurationPlatforms) = postSolution
		{B2A97A89-2B88-4F2E-907A-0631BE3CF81B}.Debug|Any CPU.ActiveCfg = Debug|Any CPU
		{B2A97A89-2B88-4F2E-907A-0631BE3CF81B}.Debug|Any CPU.Build.0 = Debug|Any CPU
		{B2A97A89-2B88-4F2E-907A-0631BE3CF81B}.Release|Any CPU.ActiveCfg = Release|Any CPU
		{B2A97A89-2B88-4F2E-907A-0631BE3CF81B}.Release|Any CPU.Build.0 = Release|Any CPU
		{4008F29C-A211-4616-8C62-5E9FD0DCD1FD}.Debug|Any CPU.ActiveCfg = Debug|Any CPU
		{4008F29C-A211-4616-8C62-5E9FD0DCD1FD}.Debug|Any CPU.Build.0 = Debug|Any CPU
		{4008F29C-A211-4616-8C62-5E9FD0DCD1FD}.Release|Any CPU.ActiveCfg = Release|Any CPU
		{4008F29C-A211-4616-8C62-5E9FD0DCD1FD}.Release|Any CPU.Build.0 = Release|Any CPU
		{7A846941-8D37-4ACF-879D-672E4C9FD5D7}.Debug|Any CPU.ActiveCfg = Debug|Any CPU
		{7A846941-8D37-4ACF-879D-672E4C9FD5D7}.Debug|Any CPU.Build.0 = Debug|Any CPU
		{7A846941-8D37-4ACF-879D-672E4C9FD5D7}.Release|Any CPU.ActiveCfg = Release|Any CPU
		{7A846941-8D37-4ACF-879D-672E4C9FD5D7}.Release|Any CPU.Build.0 = Release|Any CPU
		{3783D5F3-C3DF-4F81-82C3-81893BE20550}.Debug|Any CPU.ActiveCfg = Debug|Any CPU
		{3783D5F3-C3DF-4F81-82C3-81893BE20550}.Debug|Any CPU.Build.0 = Debug|Any CPU
		{3783D5F3-C3DF-4F81-82C3-81893BE20550}.Release|Any CPU.ActiveCfg = Release|Any CPU
		{3783D5F3-C3DF-4F81-82C3-81893BE20550}.Release|Any CPU.Build.0 = Release|Any CPU
		{46597D76-1B45-4155-ACFA-1988E6FC208F}.Debug|Any CPU.ActiveCfg = Debug|Any CPU
		{46597D76-1B45-4155-ACFA-1988E6FC208F}.Debug|Any CPU.Build.0 = Debug|Any CPU
		{46597D76-1B45-4155-ACFA-1988E6FC208F}.Release|Any CPU.ActiveCfg = Release|Any CPU
		{46597D76-1B45-4155-ACFA-1988E6FC208F}.Release|Any CPU.Build.0 = Release|Any CPU
		{C7C2C152-0821-4CB9-A8A6-41237081202F}.Debug|Any CPU.ActiveCfg = Debug|Any CPU
		{C7C2C152-0821-4CB9-A8A6-41237081202F}.Debug|Any CPU.Build.0 = Debug|Any CPU
		{C7C2C152-0821-4CB9-A8A6-41237081202F}.Release|Any CPU.ActiveCfg = Release|Any CPU
		{C7C2C152-0821-4CB9-A8A6-41237081202F}.Release|Any CPU.Build.0 = Release|Any CPU
		{FA6615B7-63A2-4079-96A5-721F4B67C547}.Debug|Any CPU.ActiveCfg = Debug|Any CPU
		{FA6615B7-63A2-4079-96A5-721F4B67C547}.Debug|Any CPU.Build.0 = Debug|Any CPU
		{FA6615B7-63A2-4079-96A5-721F4B67C547}.Release|Any CPU.ActiveCfg = Release|Any CPU
		{FA6615B7-63A2-4079-96A5-721F4B67C547}.Release|Any CPU.Build.0 = Release|Any CPU
	EndGlobalSection
	GlobalSection(SolutionProperties) = preSolution
		HideSolutionNode = FALSE
	EndGlobalSection
	GlobalSection(ExtensibilityGlobals) = postSolution
		SolutionGuid = {D607486A-2252-4ED9-B63F-60D697953586}
	EndGlobalSection
EndGlobal
