
Microsoft Visual Studio Solution File, Format Version 12.00
# Visual Studio Version 16
VisualStudioVersion = 16.0.30907.101
MinimumVisualStudioVersion = 10.0.40219.1
Project("{9A19103F-16F7-4668-BE54-9A1E7A4F7556}") = "CS001捕捉發生於未攔截到例外狀況", "CS001捕捉發生於未攔截到例外狀況\CS001捕捉發生於未攔截到例外狀況.csproj", "{B2A97A89-2B88-4F2E-907A-0631BE3CF81B}"
EndProject
Project("{9A19103F-16F7-4668-BE54-9A1E7A4F7556}") = "CS002捕捉當錯誤工作未觀察到的例外狀況將觸發例外狀況", "CS002捕捉當錯誤工作未觀察到的例外狀況將觸發例外狀況\CS002捕捉當錯誤工作未觀察到的例外狀況將觸發例外狀況.csproj", "{4008F29C-A211-4616-8C62-5E9FD0DCD1FD}"
EndProject
Project("{FAE04EC0-301F-11D3-BF4B-00C04F79EFBC}") = "CS003使用非同步 APM方式執行委派方法範例", "CS003使用非同步 APM方式執行委派方法範例\CS003使用非同步 APM方式執行委派方法範例.csproj", "{7A846941-8D37-4ACF-879D-672E4C9FD5D7}"
EndProject
Project("{FAE04EC0-301F-11D3-BF4B-00C04F79EFBC}") = "CS004使用非同步 Callback 的方式來取得執行委派方法結果的範例", "CS004使用非同步 Callback 的方式來取得執行委派方法結果的範例\CS004使用非同步 Callback 的方式來取得執行委派方法結果的範例.csproj", "{3783D5F3-C3DF-4F81-82C3-81893BE20550}"
EndProject
Project("{FAE04EC0-301F-11D3-BF4B-00C04F79EFBC}") = "CS005使用同步方式執行委派方法範例", "CS005使用同步方式執行委派方法範例\CS005使用同步方式執行委派方法範例.csproj", "{46597D76-1B45-4155-ACFA-1988E6FC208F}"
EndProject
Project("{9A19103F-16F7-4668-BE54-9A1E7A4F7556}") = "CS006請嘗試依據這個需求，設計出使用委派的程式碼", "CS006請嘗試依據這個需求，設計出使用委派的程式碼\CS006請嘗試依據這個需求，設計出使用委派的程式碼.csproj", "{C7C2C152-0821-4CB9-A8A6-41237081202F}"
EndProject
Project("{9A19103F-16F7-4668-BE54-9A1E7A4F7556}") = "CS005使用同步方式執行委派方法範例 .NET Core", "CS005使用同步方式執行委派方法範例 .NET Core\CS005使用同步方式執行委派方法範例 .NET Core.csproj", "{FA6615B7-63A2-4079-96A5-721F4B67C547}"
EndProject
Project("{9A19103F-16F7-4668-BE54-9A1E7A4F7556}") = "CS007設計一個專案開發類別，用委派輸出 - 開始練習原始碼", "CS007設計一個專案開發類別，用委派輸出 - 開始練習原始碼\CS007設計一個專案開發類別，用委派輸出 - 開始練習原始碼.csproj", "{73E94033-4BDB-4252-97A2-E68C482D8727}"
EndProject
Project("{9A19103F-16F7-4668-BE54-9A1E7A4F7556}") = "CS008設計一個專案開發類別，用委派輸出 - 完成練習原始碼", "CS008設計一個專案開發類別，用委派輸出 - 完成練習原始碼\CS008設計一個專案開發類別，用委派輸出 - 完成練習原始碼.csproj", "{71EFC98A-1CED-4379-BB7B-985433F3D4BB}"
EndProject
Project("{9A19103F-16F7-4668-BE54-9A1E7A4F7556}") = "CS009內建的委派 - Action 範例程式碼", "CS009內建的委派 - Action 範例程式碼\CS009內建的委派 - Action 範例程式碼.csproj", "{22A57B39-472C-409C-AA1E-37CC703FC087}"
EndProject
Project("{9A19103F-16F7-4668-BE54-9A1E7A4F7556}") = "CS010內建的委派 - Fucn 範例程式碼", "CS010內建的委派 - Fucn 範例程式碼\CS010內建的委派 - Fucn 範例程式碼.csproj", "{C0DB5F6C-1954-472B-B6D5-DCC8C8C75D2C}"
EndProject
Project("{9A19103F-16F7-4668-BE54-9A1E7A4F7556}") = "CS011修改 CS008 練習，使用預設委派型別", "CS011修改 CS008 練習，使用預設委派型別\CS011修改 CS008 練習，使用預設委派型別.csproj", "{79D8E5CF-44B8-4CB8-8BD2-F341D98FE6C2}"
EndProject
Project("{9A19103F-16F7-4668-BE54-9A1E7A4F7556}") = "CS012內建的委派 - Fucn 範例程式碼", "CS012內建的委派 - Fucn 範例程式碼\CS012內建的委派 - Fucn 範例程式碼.csproj", "{424D4FB0-AC76-43E6-BAAB-40B75540F6B0}"
EndProject
Project("{9A19103F-16F7-4668-BE54-9A1E7A4F7556}") = "CS013如何使用 委派 匿名委派的範例程式碼", "CS013如何使用 委派 匿名委派的範例程式碼\CS013如何使用 委派 匿名委派的範例程式碼.csproj", "{1B327008-4963-4EA5-8EEF-F5547F4B4D10}"
EndProject
Project("{9A19103F-16F7-4668-BE54-9A1E7A4F7556}") = "CS014Lambda之非同步方法使用", "CS014Lambda之非同步方法使用\CS014Lambda之非同步方法使用.csproj", "{D26DB403-2480-4AAC-9757-69C8E988B17D}"
EndProject
Project("{9A19103F-16F7-4668-BE54-9A1E7A4F7556}") = "CS015組合委派使用範例", "CS015組合委派使用範例\CS015組合委派使用範例.csproj", "{D89977B3-710A-49BB-A18D-628AD0B05E25}"
EndProject
Project("{9A19103F-16F7-4668-BE54-9A1E7A4F7556}") = "CS016列出組合委派中的委派方法", "CS016列出組合委派中的委派方法\CS016列出組合委派中的委派方法.csproj", "{DD77574E-7366-492F-B947-EE8E9C2E98AA}"
EndProject
Project("{FAE04EC0-301F-11D3-BF4B-00C04F79EFBC}") = "CS017➊使用委派來設計事件機制", "CS017➊使用委派來設計事件機制\CS017➊使用委派來設計事件機制.csproj", "{5B6E6E8E-EE10-4904-A379-86028FE72F16}"
EndProject
Project("{FAE04EC0-301F-11D3-BF4B-00C04F79EFBC}") = "CS018➋委派設計事件 - 使用公開委派欄位", "CS018➋委派設計事件 - 使用公開委派欄位\CS018➋委派設計事件 - 使用公開委派欄位.csproj", "{F1B72580-EB8E-4176-9C81-EA7E21C7BCD5}"
EndProject
Project("{FAE04EC0-301F-11D3-BF4B-00C04F79EFBC}") = "CS019➌委派設計事件 - 用屬性與私有支援欄位", "CS019➌委派設計事件 - 用屬性與私有支援欄位\CS019➌委派設計事件 - 用屬性與私有支援欄位.csproj", "{391D0D3C-14C9-40C9-ACE6-9C1648464816}"
EndProject
Project("{FAE04EC0-301F-11D3-BF4B-00C04F79EFBC}") = "CS020➍委派設計事件 - 設計Add Remove方法", "CS020➍委派設計事件 - 設計Add Remove方法\CS020➍委派設計事件 - 設計Add Remove方法.csproj", "{83059A2D-E4EF-46D2-896A-E0CA1EA488C4}"
EndProject
Project("{FAE04EC0-301F-11D3-BF4B-00C04F79EFBC}") = "CS021如何使用 事件 Event 範例", "CS021如何使用 事件 Event 範例\CS021如何使用 事件 Event 範例.csproj", "{F572D373-20EC-4131-B7C0-BB50FF70DDE5}"
EndProject
Project("{FAE04EC0-301F-11D3-BF4B-00C04F79EFBC}") = "CS022委派變數可以任意設定委派方法、事件卻做不到 - 任意設定委派方法", "CS022委派變數可以任意設定委派方法、事件卻做不到 - 任意設定委派方法\CS022委派變數可以任意設定委派方法、事件卻做不到 - 任意設定委派方法.csproj", "{A31B6643-7D18-4785-8980-4D46A151C8EA}"
EndProject
Project("{FAE04EC0-301F-11D3-BF4B-00C04F79EFBC}") = "CS023委派變數可以列出所有委派方法，事件做不到 - 列出所有委派方法", "CS023委派變數可以列出所有委派方法，事件做不到 - 列出所有委派方法\CS023委派變數可以列出所有委派方法，事件做不到 - 列出所有委派方法.csproj", "{CBB661B9-7EBF-4750-B3DF-0D187984C408}"
EndProject
Project("{FAE04EC0-301F-11D3-BF4B-00C04F79EFBC}") = "CS024在類別內委派變數可以在外部呼叫，在類別內事件僅能夠在類別內呼叫", "CS024在類別內委派變數可以在外部呼叫，在類別內事件僅能夠在類別內呼叫\CS024在類別內委派變數可以在外部呼叫，在類別內事件僅能夠在類別內呼叫.csproj", "{E8D792A0-A340-48FE-A16D-133AB06A4EA7}"
EndProject
Project("{FAE04EC0-301F-11D3-BF4B-00C04F79EFBC}") = "CS025設計成績登錄且自動警示通知", "CS025設計成績登錄且自動警示通知\CS025設計成績登錄且自動警示通知.csproj", "{12423905-8A51-4A5C-9845-965C66C50EE0}"
EndProject
Project("{FAE04EC0-301F-11D3-BF4B-00C04F79EFBC}") = "CS026設計成績登錄且自動警示通知(完成專案)", "CS026設計成績登錄且自動警示通知(完成專案)\CS026設計成績登錄且自動警示通知(完成專案).csproj", "{BC27368B-0EE3-41C1-A1FA-8F8D392EAA76}"
EndProject
Global
	GlobalSection(SolutionConfigurationPlatforms) = preSolution
		Debug|Any CPU = Debug|Any CPU
		Release|Any CPU = Release|Any CPU
	EndGlobalSection
	GlobalSection(ProjectConfigurationPlatforms) = postSolution
		{B2A97A89-2B88-4F2E-907A-0631BE3CF81B}.Debug|Any CPU.ActiveCfg = Debug|Any CPU
		{B2A97A89-2B88-4F2E-907A-0631BE3CF81B}.Debug|Any CPU.Build.0 = Debug|Any CPU
		{B2A97A89-2B88-4F2E-907A-0631BE3CF81B}.Release|Any CPU.ActiveCfg = Release|Any CPU
		{B2A97A89-2B88-4F2E-907A-0631BE3CF81B}.Release|Any CPU.Build.0 = Release|Any CPU
		{4008F29C-A211-4616-8C62-5E9FD0DCD1FD}.Debug|Any CPU.ActiveCfg = Debug|Any CPU
		{4008F29C-A211-4616-8C62-5E9FD0DCD1FD}.Debug|Any CPU.Build.0 = Debug|Any CPU
		{4008F29C-A211-4616-8C62-5E9FD0DCD1FD}.Release|Any CPU.ActiveCfg = Release|Any CPU
		{4008F29C-A211-4616-8C62-5E9FD0DCD1FD}.Release|Any CPU.Build.0 = Release|Any CPU
		{7A846941-8D37-4ACF-879D-672E4C9FD5D7}.Debug|Any CPU.ActiveCfg = Debug|Any CPU
		{7A846941-8D37-4ACF-879D-672E4C9FD5D7}.Debug|Any CPU.Build.0 = Debug|Any CPU
		{7A846941-8D37-4ACF-879D-672E4C9FD5D7}.Release|Any CPU.ActiveCfg = Release|Any CPU
		{7A846941-8D37-4ACF-879D-672E4C9FD5D7}.Release|Any CPU.Build.0 = Release|Any CPU
		{3783D5F3-C3DF-4F81-82C3-81893BE20550}.Debug|Any CPU.ActiveCfg = Debug|Any CPU
		{3783D5F3-C3DF-4F81-82C3-81893BE20550}.Debug|Any CPU.Build.0 = Debug|Any CPU
		{3783D5F3-C3DF-4F81-82C3-81893BE20550}.Release|Any CPU.ActiveCfg = Release|Any CPU
		{3783D5F3-C3DF-4F81-82C3-81893BE20550}.Release|Any CPU.Build.0 = Release|Any CPU
		{46597D76-1B45-4155-ACFA-1988E6FC208F}.Debug|Any CPU.ActiveCfg = Debug|Any CPU
		{46597D76-1B45-4155-ACFA-1988E6FC208F}.Debug|Any CPU.Build.0 = Debug|Any CPU
		{46597D76-1B45-4155-ACFA-1988E6FC208F}.Release|Any CPU.ActiveCfg = Release|Any CPU
		{46597D76-1B45-4155-ACFA-1988E6FC208F}.Release|Any CPU.Build.0 = Release|Any CPU
		{C7C2C152-0821-4CB9-A8A6-41237081202F}.Debug|Any CPU.ActiveCfg = Debug|Any CPU
		{C7C2C152-0821-4CB9-A8A6-41237081202F}.Debug|Any CPU.Build.0 = Debug|Any CPU
		{C7C2C152-0821-4CB9-A8A6-41237081202F}.Release|Any CPU.ActiveCfg = Release|Any CPU
		{C7C2C152-0821-4CB9-A8A6-41237081202F}.Release|Any CPU.Build.0 = Release|Any CPU
		{FA6615B7-63A2-4079-96A5-721F4B67C547}.Debug|Any CPU.ActiveCfg = Debug|Any CPU
		{FA6615B7-63A2-4079-96A5-721F4B67C547}.Debug|Any CPU.Build.0 = Debug|Any CPU
		{FA6615B7-63A2-4079-96A5-721F4B67C547}.Release|Any CPU.ActiveCfg = Release|Any CPU
		{FA6615B7-63A2-4079-96A5-721F4B67C547}.Release|Any CPU.Build.0 = Release|Any CPU
		{73E94033-4BDB-4252-97A2-E68C482D8727}.Debug|Any CPU.ActiveCfg = Debug|Any CPU
		{73E94033-4BDB-4252-97A2-E68C482D8727}.Debug|Any CPU.Build.0 = Debug|Any CPU
		{73E94033-4BDB-4252-97A2-E68C482D8727}.Release|Any CPU.ActiveCfg = Release|Any CPU
		{73E94033-4BDB-4252-97A2-E68C482D8727}.Release|Any CPU.Build.0 = Release|Any CPU
		{71EFC98A-1CED-4379-BB7B-985433F3D4BB}.Debug|Any CPU.ActiveCfg = Debug|Any CPU
		{71EFC98A-1CED-4379-BB7B-985433F3D4BB}.Debug|Any CPU.Build.0 = Debug|Any CPU
		{71EFC98A-1CED-4379-BB7B-985433F3D4BB}.Release|Any CPU.ActiveCfg = Release|Any CPU
		{71EFC98A-1CED-4379-BB7B-985433F3D4BB}.Release|Any CPU.Build.0 = Release|Any CPU
		{22A57B39-472C-409C-AA1E-37CC703FC087}.Debug|Any CPU.ActiveCfg = Debug|Any CPU
		{22A57B39-472C-409C-AA1E-37CC703FC087}.Debug|Any CPU.Build.0 = Debug|Any CPU
		{22A57B39-472C-409C-AA1E-37CC703FC087}.Release|Any CPU.ActiveCfg = Release|Any CPU
		{22A57B39-472C-409C-AA1E-37CC703FC087}.Release|Any CPU.Build.0 = Release|Any CPU
		{C0DB5F6C-1954-472B-B6D5-DCC8C8C75D2C}.Debug|Any CPU.ActiveCfg = Debug|Any CPU
		{C0DB5F6C-1954-472B-B6D5-DCC8C8C75D2C}.Debug|Any CPU.Build.0 = Debug|Any CPU
		{C0DB5F6C-1954-472B-B6D5-DCC8C8C75D2C}.Release|Any CPU.ActiveCfg = Release|Any CPU
		{C0DB5F6C-1954-472B-B6D5-DCC8C8C75D2C}.Release|Any CPU.Build.0 = Release|Any CPU
		{79D8E5CF-44B8-4CB8-8BD2-F341D98FE6C2}.Debug|Any CPU.ActiveCfg = Debug|Any CPU
		{79D8E5CF-44B8-4CB8-8BD2-F341D98FE6C2}.Debug|Any CPU.Build.0 = Debug|Any CPU
		{79D8E5CF-44B8-4CB8-8BD2-F341D98FE6C2}.Release|Any CPU.ActiveCfg = Release|Any CPU
		{79D8E5CF-44B8-4CB8-8BD2-F341D98FE6C2}.Release|Any CPU.Build.0 = Release|Any CPU
		{424D4FB0-AC76-43E6-BAAB-40B75540F6B0}.Debug|Any CPU.ActiveCfg = Debug|Any CPU
		{424D4FB0-AC76-43E6-BAAB-40B75540F6B0}.Debug|Any CPU.Build.0 = Debug|Any CPU
		{424D4FB0-AC76-43E6-BAAB-40B75540F6B0}.Release|Any CPU.ActiveCfg = Release|Any CPU
		{424D4FB0-AC76-43E6-BAAB-40B75540F6B0}.Release|Any CPU.Build.0 = Release|Any CPU
		{1B327008-4963-4EA5-8EEF-F5547F4B4D10}.Debug|Any CPU.ActiveCfg = Debug|Any CPU
		{1B327008-4963-4EA5-8EEF-F5547F4B4D10}.Debug|Any CPU.Build.0 = Debug|Any CPU
		{1B327008-4963-4EA5-8EEF-F5547F4B4D10}.Release|Any CPU.ActiveCfg = Release|Any CPU
		{1B327008-4963-4EA5-8EEF-F5547F4B4D10}.Release|Any CPU.Build.0 = Release|Any CPU
		{D26DB403-2480-4AAC-9757-69C8E988B17D}.Debug|Any CPU.ActiveCfg = Debug|Any CPU
		{D26DB403-2480-4AAC-9757-69C8E988B17D}.Debug|Any CPU.Build.0 = Debug|Any CPU
		{D26DB403-2480-4AAC-9757-69C8E988B17D}.Release|Any CPU.ActiveCfg = Release|Any CPU
		{D26DB403-2480-4AAC-9757-69C8E988B17D}.Release|Any CPU.Build.0 = Release|Any CPU
		{D89977B3-710A-49BB-A18D-628AD0B05E25}.Debug|Any CPU.ActiveCfg = Debug|Any CPU
		{D89977B3-710A-49BB-A18D-628AD0B05E25}.Debug|Any CPU.Build.0 = Debug|Any CPU
		{D89977B3-710A-49BB-A18D-628AD0B05E25}.Release|Any CPU.ActiveCfg = Release|Any CPU
		{D89977B3-710A-49BB-A18D-628AD0B05E25}.Release|Any CPU.Build.0 = Release|Any CPU
		{DD77574E-7366-492F-B947-EE8E9C2E98AA}.Debug|Any CPU.ActiveCfg = Debug|Any CPU
		{DD77574E-7366-492F-B947-EE8E9C2E98AA}.Debug|Any CPU.Build.0 = Debug|Any CPU
		{DD77574E-7366-492F-B947-EE8E9C2E98AA}.Release|Any CPU.ActiveCfg = Release|Any CPU
		{DD77574E-7366-492F-B947-EE8E9C2E98AA}.Release|Any CPU.Build.0 = Release|Any CPU
		{5B6E6E8E-EE10-4904-A379-86028FE72F16}.Debug|Any CPU.ActiveCfg = Debug|Any CPU
		{5B6E6E8E-EE10-4904-A379-86028FE72F16}.Debug|Any CPU.Build.0 = Debug|Any CPU
		{5B6E6E8E-EE10-4904-A379-86028FE72F16}.Release|Any CPU.ActiveCfg = Release|Any CPU
		{5B6E6E8E-EE10-4904-A379-86028FE72F16}.Release|Any CPU.Build.0 = Release|Any CPU
		{F1B72580-EB8E-4176-9C81-EA7E21C7BCD5}.Debug|Any CPU.ActiveCfg = Debug|Any CPU
		{F1B72580-EB8E-4176-9C81-EA7E21C7BCD5}.Debug|Any CPU.Build.0 = Debug|Any CPU
		{F1B72580-EB8E-4176-9C81-EA7E21C7BCD5}.Release|Any CPU.ActiveCfg = Release|Any CPU
		{F1B72580-EB8E-4176-9C81-EA7E21C7BCD5}.Release|Any CPU.Build.0 = Release|Any CPU
		{391D0D3C-14C9-40C9-ACE6-9C1648464816}.Debug|Any CPU.ActiveCfg = Debug|Any CPU
		{391D0D3C-14C9-40C9-ACE6-9C1648464816}.Debug|Any CPU.Build.0 = Debug|Any CPU
		{391D0D3C-14C9-40C9-ACE6-9C1648464816}.Release|Any CPU.ActiveCfg = Release|Any CPU
		{391D0D3C-14C9-40C9-ACE6-9C1648464816}.Release|Any CPU.Build.0 = Release|Any CPU
		{83059A2D-E4EF-46D2-896A-E0CA1EA488C4}.Debug|Any CPU.ActiveCfg = Debug|Any CPU
		{83059A2D-E4EF-46D2-896A-E0CA1EA488C4}.Debug|Any CPU.Build.0 = Debug|Any CPU
		{83059A2D-E4EF-46D2-896A-E0CA1EA488C4}.Release|Any CPU.ActiveCfg = Release|Any CPU
		{83059A2D-E4EF-46D2-896A-E0CA1EA488C4}.Release|Any CPU.Build.0 = Release|Any CPU
		{F572D373-20EC-4131-B7C0-BB50FF70DDE5}.Debug|Any CPU.ActiveCfg = Debug|Any CPU
		{F572D373-20EC-4131-B7C0-BB50FF70DDE5}.Debug|Any CPU.Build.0 = Debug|Any CPU
		{F572D373-20EC-4131-B7C0-BB50FF70DDE5}.Release|Any CPU.ActiveCfg = Release|Any CPU
		{F572D373-20EC-4131-B7C0-BB50FF70DDE5}.Release|Any CPU.Build.0 = Release|Any CPU
		{A31B6643-7D18-4785-8980-4D46A151C8EA}.Debug|Any CPU.ActiveCfg = Debug|Any CPU
		{A31B6643-7D18-4785-8980-4D46A151C8EA}.Debug|Any CPU.Build.0 = Debug|Any CPU
		{A31B6643-7D18-4785-8980-4D46A151C8EA}.Release|Any CPU.ActiveCfg = Release|Any CPU
		{A31B6643-7D18-4785-8980-4D46A151C8EA}.Release|Any CPU.Build.0 = Release|Any CPU
		{CBB661B9-7EBF-4750-B3DF-0D187984C408}.Debug|Any CPU.ActiveCfg = Debug|Any CPU
		{CBB661B9-7EBF-4750-B3DF-0D187984C408}.Debug|Any CPU.Build.0 = Debug|Any CPU
		{CBB661B9-7EBF-4750-B3DF-0D187984C408}.Release|Any CPU.ActiveCfg = Release|Any CPU
		{CBB661B9-7EBF-4750-B3DF-0D187984C408}.Release|Any CPU.Build.0 = Release|Any CPU
		{E8D792A0-A340-48FE-A16D-133AB06A4EA7}.Debug|Any CPU.ActiveCfg = Debug|Any CPU
		{E8D792A0-A340-48FE-A16D-133AB06A4EA7}.Debug|Any CPU.Build.0 = Debug|Any CPU
		{E8D792A0-A340-48FE-A16D-133AB06A4EA7}.Release|Any CPU.ActiveCfg = Release|Any CPU
		{E8D792A0-A340-48FE-A16D-133AB06A4EA7}.Release|Any CPU.Build.0 = Release|Any CPU
		{12423905-8A51-4A5C-9845-965C66C50EE0}.Debug|Any CPU.ActiveCfg = Debug|Any CPU
		{12423905-8A51-4A5C-9845-965C66C50EE0}.Debug|Any CPU.Build.0 = Debug|Any CPU
		{12423905-8A51-4A5C-9845-965C66C50EE0}.Release|Any CPU.ActiveCfg = Release|Any CPU
		{12423905-8A51-4A5C-9845-965C66C50EE0}.Release|Any CPU.Build.0 = Release|Any CPU
		{BC27368B-0EE3-41C1-A1FA-8F8D392EAA76}.Debug|Any CPU.ActiveCfg = Debug|Any CPU
		{BC27368B-0EE3-41C1-A1FA-8F8D392EAA76}.Debug|Any CPU.Build.0 = Debug|Any CPU
		{BC27368B-0EE3-41C1-A1FA-8F8D392EAA76}.Release|Any CPU.ActiveCfg = Release|Any CPU
		{BC27368B-0EE3-41C1-A1FA-8F8D392EAA76}.Release|Any CPU.Build.0 = Release|Any CPU
	EndGlobalSection
	GlobalSection(SolutionProperties) = preSolution
		HideSolutionNode = FALSE
	EndGlobalSection
	GlobalSection(ExtensibilityGlobals) = postSolution
		SolutionGuid = {D607486A-2252-4ED9-B63F-60D697953586}
	EndGlobalSection
EndGlobal
